// !$*UTF8*$!
{
	archiveVersion = 1;
	classes = {
	};
	objectVersion = 50;
	objects = {

/* Begin PBXBuildFile section */
		69177AAA26C1801B0055BD36 /* AppDelegate.swift in Sources */ = {isa = PBXBuildFile; fileRef = 69177AA926C1801B0055BD36 /* AppDelegate.swift */; };
		69177AAC26C1801B0055BD36 /* SceneDelegate.swift in Sources */ = {isa = PBXBuildFile; fileRef = 69177AAB26C1801B0055BD36 /* SceneDelegate.swift */; };
		69177AAE26C1801B0055BD36 /* ViewController.swift in Sources */ = {isa = PBXBuildFile; fileRef = 69177AAD26C1801B0055BD36 /* ViewController.swift */; };
		69177AB126C1801B0055BD36 /* Main.storyboard in Resources */ = {isa = PBXBuildFile; fileRef = 69177AAF26C1801B0055BD36 /* Main.storyboard */; };
		69177AB326C1801C0055BD36 /* Assets.xcassets in Resources */ = {isa = PBXBuildFile; fileRef = 69177AB226C1801C0055BD36 /* Assets.xcassets */; };
		69177AB626C1801C0055BD36 /* LaunchScreen.storyboard in Resources */ = {isa = PBXBuildFile; fileRef = 69177AB426C1801C0055BD36 /* LaunchScreen.storyboard */; };
		69177AC126C1801C0055BD36 /* collectionviewTests.swift in Sources */ = {isa = PBXBuildFile; fileRef = 69177AC026C1801C0055BD36 /* collectionviewTests.swift */; };
		69177ACC26C1801C0055BD36 /* collectionviewUITests.swift in Sources */ = {isa = PBXBuildFile; fileRef = 69177ACB26C1801C0055BD36 /* collectionviewUITests.swift */; };
		69177ADA26C181120055BD36 /* logoCell.swift in Sources */ = {isa = PBXBuildFile; fileRef = 69177AD926C181120055BD36 /* logoCell.swift */; };
		69177ADC26C181AD0055BD36 /* collectionLOGO.swift in Sources */ = {isa = PBXBuildFile; fileRef = 69177ADB26C181AD0055BD36 /* collectionLOGO.swift */; };
		69177ADE26C1B74A0055BD36 /* phoneCell.swift in Sources */ = {isa = PBXBuildFile; fileRef = 69177ADD26C1B74A0055BD36 /* phoneCell.swift */; };
		69177AE026C1BFCE0055BD36 /* CollectionReusableView.swift in Sources */ = {isa = PBXBuildFile; fileRef = 69177ADF26C1BFCE0055BD36 /* CollectionReusableView.swift */; };
/* End PBXBuildFile section */

/* Begin PBXContainerItemProxy section */
		69177ABD26C1801C0055BD36 /* PBXContainerItemProxy */ = {
			isa = PBXContainerItemProxy;
			containerPortal = 69177A9E26C1801B0055BD36 /* Project object */;
			proxyType = 1;
			remoteGlobalIDString = 69177AA526C1801B0055BD36;
			remoteInfo = collectionview;
		};
		69177AC826C1801C0055BD36 /* PBXContainerItemProxy */ = {
			isa = PBXContainerItemProxy;
			containerPortal = 69177A9E26C1801B0055BD36 /* Project object */;
			proxyType = 1;
			remoteGlobalIDString = 69177AA526C1801B0055BD36;
			remoteInfo = collectionview;
		};
/* End PBXContainerItemProxy section */

/* Begin PBXFileReference section */
		69177AA626C1801B0055BD36 /* collectionview.app */ = {isa = PBXFileReference; explicitFileType = wrapper.application; includeInIndex = 0; path = collectionview.app; sourceTree = BUILT_PRODUCTS_DIR; };
		69177AA926C1801B0055BD36 /* AppDelegate.swift */ = {isa = PBXFileReference; lastKnownFileType = sourcecode.swift; path = AppDelegate.swift; sourceTree = "<group>"; };
		69177AAB26C1801B0055BD36 /* SceneDelegate.swift */ = {isa = PBXFileReference; lastKnownFileType = sourcecode.swift; path = SceneDelegate.swift; sourceTree = "<group>"; };
		69177AAD26C1801B0055BD36 /* ViewController.swift */ = {isa = PBXFileReference; lastKnownFileType = sourcecode.swift; path = ViewController.swift; sourceTree = "<group>"; };
		69177AB026C1801B0055BD36 /* Base */ = {isa = PBXFileReference; lastKnownFileType = file.storyboard; name = Base; path = Base.lproj/Main.storyboard; sourceTree = "<group>"; };
		69177AB226C1801C0055BD36 /* Assets.xcassets */ = {isa = PBXFileReference; lastKnownFileType = folder.assetcatalog; path = Assets.xcassets; sourceTree = "<group>"; };
		69177AB526C1801C0055BD36 /* Base */ = {isa = PBXFileReference; lastKnownFileType = file.storyboard; name = Base; path = Base.lproj/LaunchScreen.storyboard; sourceTree = "<group>"; };
		69177AB726C1801C0055BD36 /* Info.plist */ = {isa = PBXFileReference; lastKnownFileType = text.plist.xml; path = Info.plist; sourceTree = "<group>"; };
		69177ABC26C1801C0055BD36 /* collectionviewTests.xctest */ = {isa = PBXFileReference; explicitFileType = wrapper.cfbundle; includeInIndex = 0; path = collectionviewTests.xctest; sourceTree = BUILT_PRODUCTS_DIR; };
		69177AC026C1801C0055BD36 /* collectionviewTests.swift */ = {isa = PBXFileReference; lastKnownFileType = sourcecode.swift; path = collectionviewTests.swift; sourceTree = "<group>"; };
		69177AC226C1801C0055BD36 /* Info.plist */ = {isa = PBXFileReference; lastKnownFileType = text.plist.xml; path = Info.plist; sourceTree = "<group>"; };
		69177AC726C1801C0055BD36 /* collectionviewUITests.xctest */ = {isa = PBXFileReference; explicitFileType = wrapper.cfbundle; includeInIndex = 0; path = collectionviewUITests.xctest; sourceTree = BUILT_PRODUCTS_DIR; };
		69177ACB26C1801C0055BD36 /* collectionviewUITests.swift */ = {isa = PBXFileReference; lastKnownFileType = sourcecode.swift; path = collectionviewUITests.swift; sourceTree = "<group>"; };
		69177ACD26C1801C0055BD36 /* Info.plist */ = {isa = PBXFileReference; lastKnownFileType = text.plist.xml; path = Info.plist; sourceTree = "<group>"; };
		69177AD926C181120055BD36 /* logoCell.swift */ = {isa = PBXFileReference; lastKnownFileType = sourcecode.swift; path = logoCell.swift; sourceTree = "<group>"; };
		69177ADB26C181AD0055BD36 /* collectionLOGO.swift */ = {isa = PBXFileReference; lastKnownFileType = sourcecode.swift; path = collectionLOGO.swift; sourceTree = "<group>"; };
		69177ADD26C1B74A0055BD36 /* phoneCell.swift */ = {isa = PBXFileReference; lastKnownFileType = sourcecode.swift; path = phoneCell.swift; sourceTree = "<group>"; };
		69177ADF26C1BFCE0055BD36 /* CollectionReusableView.swift */ = {isa = PBXFileReference; lastKnownFileType = sourcecode.swift; path = CollectionReusableView.swift; sourceTree = "<group>"; };
/* End PBXFileReference section */

/* Begin PBXFrameworksBuildPhase section */
		69177AA326C1801B0055BD36 /* Frameworks */ = {
			isa = PBXFrameworksBuildPhase;
			buildActionMask = 2147483647;
			files = (
			);
			runOnlyForDeploymentPostprocessing = 0;
		};
		69177AB926C1801C0055BD36 /* Frameworks */ = {
			isa = PBXFrameworksBuildPhase;
			buildActionMask = 2147483647;
			files = (
			);
			runOnlyForDeploymentPostprocessing = 0;
		};
		69177AC426C1801C0055BD36 /* Frameworks */ = {
			isa = PBXFrameworksBuildPhase;
			buildActionMask = 2147483647;
			files = (
			);
			runOnlyForDeploymentPostprocessing = 0;
		};
/* End PBXFrameworksBuildPhase section */

/* Begin PBXGroup section */
		69177A9D26C1801B0055BD36 = {
			isa = PBXGroup;
			children = (
				69177AA826C1801B0055BD36 /* collectionview */,
				69177ABF26C1801C0055BD36 /* collectionviewTests */,
				69177ACA26C1801C0055BD36 /* collectionviewUITests */,
				69177AA726C1801B0055BD36 /* Products */,
			);
			sourceTree = "<group>";
		};
		69177AA726C1801B0055BD36 /* Products */ = {
			isa = PBXGroup;
			children = (
				69177AA626C1801B0055BD36 /* collectionview.app */,
				69177ABC26C1801C0055BD36 /* collectionviewTests.xctest */,
				69177AC726C1801C0055BD36 /* collectionviewUITests.xctest */,
			);
			name = Products;
			sourceTree = "<group>";
		};
		69177AA826C1801B0055BD36 /* collectionview */ = {
			isa = PBXGroup;
			children = (
				69177AA926C1801B0055BD36 /* AppDelegate.swift */,
				69177AAB26C1801B0055BD36 /* SceneDelegate.swift */,
				69177AAD26C1801B0055BD36 /* ViewController.swift */,
				69177AD926C181120055BD36 /* logoCell.swift */,
				69177ADB26C181AD0055BD36 /* collectionLOGO.swift */,
				69177ADD26C1B74A0055BD36 /* phoneCell.swift */,
				69177ADF26C1BFCE0055BD36 /* CollectionReusableView.swift */,
				69177AAF26C1801B0055BD36 /* Main.storyboard */,
				69177AB226C1801C0055BD36 /* Assets.xcassets */,
				69177AB426C1801C0055BD36 /* LaunchScreen.storyboard */,
				69177AB726C1801C0055BD36 /* Info.plist */,
			);
			path = collectionview;
			sourceTree = "<group>";
		};
		69177ABF26C1801C0055BD36 /* collectionviewTests */ = {
			isa = PBXGroup;
			children = (
				69177AC026C1801C0055BD36 /* collectionviewTests.swift */,
				69177AC226C1801C0055BD36 /* Info.plist */,
			);
			path = collectionviewTests;
			sourceTree = "<group>";
		};
		69177ACA26C1801C0055BD36 /* collectionviewUITests */ = {
			isa = PBXGroup;
			children = (
				69177ACB26C1801C0055BD36 /* collectionviewUITests.swift */,
				69177ACD26C1801C0055BD36 /* Info.plist */,
			);
			path = collectionviewUITests;
			sourceTree = "<group>";
		};
/* End PBXGroup section */

/* Begin PBXNativeTarget section */
		69177AA526C1801B0055BD36 /* collectionview */ = {
			isa = PBXNativeTarget;
			buildConfigurationList = 69177AD026C1801C0055BD36 /* Build configuration list for PBXNativeTarget "collectionview" */;
			buildPhases = (
				69177AA226C1801B0055BD36 /* Sources */,
				69177AA326C1801B0055BD36 /* Frameworks */,
				69177AA426C1801B0055BD36 /* Resources */,
			);
			buildRules = (
			);
			dependencies = (
			);
			name = collectionview;
			productName = collectionview;
			productReference = 69177AA626C1801B0055BD36 /* collectionview.app */;
			productType = "com.apple.product-type.application";
		};
		69177ABB26C1801C0055BD36 /* collectionviewTests */ = {
			isa = PBXNativeTarget;
			buildConfigurationList = 69177AD326C1801C0055BD36 /* Build configuration list for PBXNativeTarget "collectionviewTests" */;
			buildPhases = (
				69177AB826C1801C0055BD36 /* Sources */,
				69177AB926C1801C0055BD36 /* Frameworks */,
				69177ABA26C1801C0055BD36 /* Resources */,
			);
			buildRules = (
			);
			dependencies = (
				69177ABE26C1801C0055BD36 /* PBXTargetDependency */,
			);
			name = collectionviewTests;
			productName = collectionviewTests;
			productReference = 69177ABC26C1801C0055BD36 /* collectionviewTests.xctest */;
			productType = "com.apple.product-type.bundle.unit-test";
		};
		69177AC626C1801C0055BD36 /* collectionviewUITests */ = {
			isa = PBXNativeTarget;
			buildConfigurationList = 69177AD626C1801C0055BD36 /* Build configuration list for PBXNativeTarget "collectionviewUITests" */;
			buildPhases = (
				69177AC326C1801C0055BD36 /* Sources */,
				69177AC426C1801C0055BD36 /* Frameworks */,
				69177AC526C1801C0055BD36 /* Resources */,
			);
			buildRules = (
			);
			dependencies = (
				69177AC926C1801C0055BD36 /* PBXTargetDependency */,
			);
			name = collectionviewUITests;
			productName = collectionviewUITests;
			productReference = 69177AC726C1801C0055BD36 /* collectionviewUITests.xctest */;
			productType = "com.apple.product-type.bundle.ui-testing";
		};
/* End PBXNativeTarget section */

/* Begin PBXProject section */
		69177A9E26C1801B0055BD36 /* Project object */ = {
			isa = PBXProject;
			attributes = {
				LastSwiftUpdateCheck = 1250;
				LastUpgradeCheck = 1250;
				TargetAttributes = {
					69177AA526C1801B0055BD36 = {
						CreatedOnToolsVersion = 12.5.1;
					};
					69177ABB26C1801C0055BD36 = {
						CreatedOnToolsVersion = 12.5.1;
						TestTargetID = 69177AA526C1801B0055BD36;
					};
					69177AC626C1801C0055BD36 = {
						CreatedOnToolsVersion = 12.5.1;
						TestTargetID = 69177AA526C1801B0055BD36;
					};
				};
			};
			buildConfigurationList = 69177AA126C1801B0055BD36 /* Build configuration list for PBXProject "collectionview" */;
			compatibilityVersion = "Xcode 9.3";
			developmentRegion = en;
			hasScannedForEncodings = 0;
			knownRegions = (
				en,
				Base,
			);
			mainGroup = 69177A9D26C1801B0055BD36;
			productRefGroup = 69177AA726C1801B0055BD36 /* Products */;
			projectDirPath = "";
			projectRoot = "";
			targets = (
				69177AA526C1801B0055BD36 /* collectionview */,
				69177ABB26C1801C0055BD36 /* collectionviewTests */,
				69177AC626C1801C0055BD36 /* collectionviewUITests */,
			);
		};
/* End PBXProject section */

/* Begin PBXResourcesBuildPhase section */
		69177AA426C1801B0055BD36 /* Resources */ = {
			isa = PBXResourcesBuildPhase;
			buildActionMask = 2147483647;
			files = (
				69177AB626C1801C0055BD36 /* LaunchScreen.storyboard in Resources */,
				69177AB326C1801C0055BD36 /* Assets.xcassets in Resources */,
				69177AB126C1801B0055BD36 /* Main.storyboard in Resources */,
			);
			runOnlyForDeploymentPostprocessing = 0;
		};
		69177ABA26C1801C0055BD36 /* Resources */ = {
			isa = PBXResourcesBuildPhase;
			buildActionMask = 2147483647;
			files = (
			);
			runOnlyForDeploymentPostprocessing = 0;
		};
		69177AC526C1801C0055BD36 /* Resources */ = {
			isa = PBXResourcesBuildPhase;
			buildActionMask = 2147483647;
			files = (
			);
			runOnlyForDeploymentPostprocessing = 0;
		};
/* End PBXResourcesBuildPhase section */

/* Begin PBXSourcesBuildPhase section */
		69177AA226C1801B0055BD36 /* Sources */ = {
			isa = PBXSourcesBuildPhase;
			buildActionMask = 2147483647;
			files = (
				69177AE026C1BFCE0055BD36 /* CollectionReusableView.swift in Sources */,
				69177ADE26C1B74A0055BD36 /* phoneCell.swift in Sources */,
				69177AAE26C1801B0055BD36 /* ViewController.swift in Sources */,
				69177AAA26C1801B0055BD36 /* AppDelegate.swift in Sources */,
				69177ADA26C181120055BD36 /* logoCell.swift in Sources */,
				69177ADC26C181AD0055BD36 /* collectionLOGO.swift in Sources */,
				69177AAC26C1801B0055BD36 /* SceneDelegate.swift in Sources */,
			);
			runOnlyForDeploymentPostprocessing = 0;
		};
		69177AB826C1801C0055BD36 /* Sources */ = {
			isa = PBXSourcesBuildPhase;
			buildActionMask = 2147483647;
			files = (
				69177AC126C1801C0055BD36 /* collectionviewTests.swift in Sources */,
			);
			runOnlyForDeploymentPostprocessing = 0;
		};
		69177AC326C1801C0055BD36 /* Sources */ = {
			isa = PBXSourcesBuildPhase;
			buildActionMask = 2147483647;
			files = (
				69177ACC26C1801C0055BD36 /* collectionviewUITests.swift in Sources */,
			);
			runOnlyForDeploymentPostprocessing = 0;
		};
/* End PBXSourcesBuildPhase section */

/* Begin PBXTargetDependency section */
		69177ABE26C1801C0055BD36 /* PBXTargetDependency */ = {
			isa = PBXTargetDependency;
			target = 69177AA526C1801B0055BD36 /* collectionview */;
			targetProxy = 69177ABD26C1801C0055BD36 /* PBXContainerItemProxy */;
		};
		69177AC926C1801C0055BD36 /* PBXTargetDependency */ = {
			isa = PBXTargetDependency;
			target = 69177AA526C1801B0055BD36 /* collectionview */;
			targetProxy = 69177AC826C1801C0055BD36 /* PBXContainerItemProxy */;
		};
/* End PBXTargetDependency section */

/* Begin PBXVariantGroup section */
		69177AAF26C1801B0055BD36 /* Main.storyboard */ = {
			isa = PBXVariantGroup;
			children = (
				69177AB026C1801B0055BD36 /* Base */,
			);
			name = Main.storyboard;
			sourceTree = "<group>";
		};
		69177AB426C1801C0055BD36 /* LaunchScreen.storyboard */ = {
			isa = PBXVariantGroup;
			children = (
				69177AB526C1801C0055BD36 /* Base */,
			);
			name = LaunchScreen.storyboard;
			sourceTree = "<group>";
		};
/* End PBXVariantGroup section */

/* Begin XCBuildConfiguration section */
		69177ACE26C1801C0055BD36 /* Debug */ = {
			isa = XCBuildConfiguration;
			buildSettings = {
				ALWAYS_SEARCH_USER_PATHS = NO;
				CLANG_ANALYZER_NONNULL = YES;
				CLANG_ANALYZER_NUMBER_OBJECT_CONVERSION = YES_AGGRESSIVE;
				CLANG_CXX_LANGUAGE_STANDARD = "gnu++14";
				CLANG_CXX_LIBRARY = "libc++";
				CLANG_ENABLE_MODULES = YES;
				CLANG_ENABLE_OBJC_ARC = YES;
				CLANG_ENABLE_OBJC_WEAK = YES;
				CLANG_WARN_BLOCK_CAPTURE_AUTORELEASING = YES;
				CLANG_WARN_BOOL_CONVERSION = YES;
				CLANG_WARN_COMMA = YES;
				CLANG_WARN_CONSTANT_CONVERSION = YES;
				CLANG_WARN_DEPRECATED_OBJC_IMPLEMENTATIONS = YES;
				CLANG_WARN_DIRECT_OBJC_ISA_USAGE = YES_ERROR;
				CLANG_WARN_DOCUMENTATION_COMMENTS = YES;
				CLANG_WARN_EMPTY_BODY = YES;
				CLANG_WARN_ENUM_CONVERSION = YES;
				CLANG_WARN_INFINITE_RECURSION = YES;
				CLANG_WARN_INT_CONVERSION = YES;
				CLANG_WARN_NON_LITERAL_NULL_CONVERSION = YES;
				CLANG_WARN_OBJC_IMPLICIT_RETAIN_SELF = YES;
				CLANG_WARN_OBJC_LITERAL_CONVERSION = YES;
				CLANG_WARN_OBJC_ROOT_CLASS = YES_ERROR;
				CLANG_WARN_QUOTED_INCLUDE_IN_FRAMEWORK_HEADER = YES;
				CLANG_WARN_RANGE_LOOP_ANALYSIS = YES;
				CLANG_WARN_STRICT_PROTOTYPES = YES;
				CLANG_WARN_SUSPICIOUS_MOVE = YES;
				CLANG_WARN_UNGUARDED_AVAILABILITY = YES_AGGRESSIVE;
				CLANG_WARN_UNREACHABLE_CODE = YES;
				CLANG_WARN__DUPLICATE_METHOD_MATCH = YES;
				COPY_PHASE_STRIP = NO;
				DEBUG_INFORMATION_FORMAT = dwarf;
				ENABLE_STRICT_OBJC_MSGSEND = YES;
				ENABLE_TESTABILITY = YES;
				GCC_C_LANGUAGE_STANDARD = gnu11;
				GCC_DYNAMIC_NO_PIC = NO;
				GCC_NO_COMMON_BLOCKS = YES;
				GCC_OPTIMIZATION_LEVEL = 0;
				GCC_PREPROCESSOR_DEFINITIONS = (
					"DEBUG=1",
					"$(inherited)",
				);
				GCC_WARN_64_TO_32_BIT_CONVERSION = YES;
				GCC_WARN_ABOUT_RETURN_TYPE = YES_ERROR;
				GCC_WARN_UNDECLARED_SELECTOR = YES;
				GCC_WARN_UNINITIALIZED_AUTOS = YES_AGGRESSIVE;
				GCC_WARN_UNUSED_FUNCTION = YES;
				GCC_WARN_UNUSED_VARIABLE = YES;
				IPHONEOS_DEPLOYMENT_TARGET = 14.5;
				MTL_ENABLE_DEBUG_INFO = INCLUDE_SOURCE;
				MTL_FAST_MATH = YES;
				ONLY_ACTIVE_ARCH = YES;
				SDKROOT = iphoneos;
				SWIFT_ACTIVE_COMPILATION_CONDITIONS = DEBUG;
				SWIFT_OPTIMIZATION_LEVEL = "-Onone";
			};
			name = Debug;
		};
		69177ACF26C1801C0055BD36 /* Release */ = {
			isa = XCBuildConfiguration;
			buildSettings = {
				ALWAYS_SEARCH_USER_PATHS = NO;
				CLANG_ANALYZER_NONNULL = YES;
				CLANG_ANALYZER_NUMBER_OBJECT_CONVERSION = YES_AGGRESSIVE;
				CLANG_CXX_LANGUAGE_STANDARD = "gnu++14";
				CLANG_CXX_LIBRARY = "libc++";
				CLANG_ENABLE_MODULES = YES;
				CLANG_ENABLE_OBJC_ARC = YES;
				CLANG_ENABLE_OBJC_WEAK = YES;
				CLANG_WARN_BLOCK_CAPTURE_AUTORELEASING = YES;
				CLANG_WARN_BOOL_CONVERSION = YES;
				CLANG_WARN_COMMA = YES;
				CLANG_WARN_CONSTANT_CONVERSION = YES;
				CLANG_WARN_DEPRECATED_OBJC_IMPLEMENTATIONS = YES;
				CLANG_WARN_DIRECT_OBJC_ISA_USAGE = YES_ERROR;
				CLANG_WARN_DOCUMENTATION_COMMENTS = YES;
				CLANG_WARN_EMPTY_BODY = YES;
				CLANG_WARN_ENUM_CONVERSION = YES;
				CLANG_WARN_INFINITE_RECURSION = YES;
				CLANG_WARN_INT_CONVERSION = YES;
				CLANG_WARN_NON_LITERAL_NULL_CONVERSION = YES;
				CLANG_WARN_OBJC_IMPLICIT_RETAIN_SELF = YES;
				CLANG_WARN_OBJC_LITERAL_CONVERSION = YES;
				CLANG_WARN_OBJC_ROOT_CLASS = YES_ERROR;
				CLANG_WARN_QUOTED_INCLUDE_IN_FRAMEWORK_HEADER = YES;
				CLANG_WARN_RANGE_LOOP_ANALYSIS = YES;
				CLANG_WARN_STRICT_PROTOTYPES = YES;
				CLANG_WARN_SUSPICIOUS_MOVE = YES;
				CLANG_WARN_UNGUARDED_AVAILABILITY = YES_AGGRESSIVE;
				CLANG_WARN_UNREACHABLE_CODE = YES;
				CLANG_WARN__DUPLICATE_METHOD_MATCH = YES;
				COPY_PHASE_STRIP = NO;
				DEBUG_INFORMATION_FORMAT = "dwarf-with-dsym";
				ENABLE_NS_ASSERTIONS = NO;
				ENABLE_STRICT_OBJC_MSGSEND = YES;
				GCC_C_LANGUAGE_STANDARD = gnu11;
				GCC_NO_COMMON_BLOCKS = YES;
				GCC_WARN_64_TO_32_BIT_CONVERSION = YES;
				GCC_WARN_ABOUT_RETURN_TYPE = YES_ERROR;
				GCC_WARN_UNDECLARED_SELECTOR = YES;
				GCC_WARN_UNINITIALIZED_AUTOS = YES_AGGRESSIVE;
				GCC_WARN_UNUSED_FUNCTION = YES;
				GCC_WARN_UNUSED_VARIABLE = YES;
				IPHONEOS_DEPLOYMENT_TARGET = 14.5;
				MTL_ENABLE_DEBUG_INFO = NO;
				MTL_FAST_MATH = YES;
				SDKROOT = iphoneos;
				SWIFT_COMPILATION_MODE = wholemodule;
				SWIFT_OPTIMIZATION_LEVEL = "-O";
				VALIDATE_PRODUCT = YES;
			};
			name = Release;
		};
		69177AD126C1801C0055BD36 /* Debug */ = {
			isa = XCBuildConfiguration;
			buildSettings = {
				ASSETCATALOG_COMPILER_APPICON_NAME = AppIcon;
				ASSETCATALOG_COMPILER_GLOBAL_ACCENT_COLOR_NAME = AccentColor;
				CODE_SIGN_STYLE = Automatic;
				INFOPLIST_FILE = collectionview/Info.plist;
				LD_RUNPATH_SEARCH_PATHS = (
					"$(inherited)",
					"@executable_path/Frameworks",
				);
				PRODUCT_BUNDLE_IDENTIFIER = diaa.collectionview;
				PRODUCT_NAME = "$(TARGET_NAME)";
				SWIFT_VERSION = 5.0;
				TARGETED_DEVICE_FAMILY = "1,2";
			};
			name = Debug;
		};
		69177AD226C1801C0055BD36 /* Release */ = {
			isa = XCBuildConfiguration;
			buildSettings = {
				ASSETCATALOG_COMPILER_APPICON_NAME = AppIcon;
				ASSETCATALOG_COMPILER_GLOBAL_ACCENT_COLOR_NAME = AccentColor;
				CODE_SIGN_STYLE = Automatic;
				INFOPLIST_FILE = collectionview/Info.plist;
				LD_RUNPATH_SEARCH_PATHS = (
					"$(inherited)",
					"@executable_path/Frameworks",
				);
				PRODUCT_BUNDLE_IDENTIFIER = diaa.collectionview;
				PRODUCT_NAME = "$(TARGET_NAME)";
				SWIFT_VERSION = 5.0;
				TARGETED_DEVICE_FAMILY = "1,2";
			};
			name = Release;
		};
		69177AD426C1801C0055BD36 /* Debug */ = {
			isa = XCBuildConfiguration;
			buildSettings = {
				ALWAYS_EMBED_SWIFT_STANDARD_LIBRARIES = YES;
				BUNDLE_LOADER = "$(TEST_HOST)";
				CODE_SIGN_STYLE = Automatic;
				INFOPLIST_FILE = collectionviewTests/Info.plist;
				IPHONEOS_DEPLOYMENT_TARGET = 14.5;
				LD_RUNPATH_SEARCH_PATHS = (
					"$(inherited)",
					"@executable_path/Frameworks",
					"@loader_path/Frameworks",
				);
				PRODUCT_BUNDLE_IDENTIFIER = diaa.collectionviewTests;
				PRODUCT_NAME = "$(TARGET_NAME)";
				SWIFT_VERSION = 5.0;
				TARGETED_DEVICE_FAMILY = "1,2";
				TEST_HOST = "$(BUILT_PRODUCTS_DIR)/collectionview.app/collectionview";
			};
			name = Debug;
		};
		69177AD526C1801C0055BD36 /* Release */ = {
			isa = XCBuildConfiguration;
			buildSettings = {
				ALWAYS_EMBED_SWIFT_STANDARD_LIBRARIES = YES;
				BUNDLE_LOADER = "$(TEST_HOST)";
				CODE_SIGN_STYLE = Automatic;
				INFOPLIST_FILE = collectionviewTests/Info.plist;
				IPHONEOS_DEPLOYMENT_TARGET = 14.5;
				LD_RUNPATH_SEARCH_PATHS = (
					"$(inherited)",
					"@executable_path/Frameworks",
					"@loader_path/Frameworks",
				);
				PRODUCT_BUNDLE_IDENTIFIER = diaa.collectionviewTests;
				PRODUCT_NAME = "$(TARGET_NAME)";
				SWIFT_VERSION = 5.0;
				TARGETED_DEVICE_FAMILY = "1,2";
				TEST_HOST = "$(BUILT_PRODUCTS_DIR)/collectionview.app/collectionview";
			};
			name = Release;
		};
		69177AD726C1801C0055BD36 /* Debug */ = {
			isa = XCBuildConfiguration;
			buildSettings = {
				ALWAYS_EMBED_SWIFT_STANDARD_LIBRARIES = YES;
				CODE_SIGN_STYLE = Automatic;
				INFOPLIST_FILE = collectionviewUITests/Info.plist;
				LD_RUNPATH_SEARCH_PATHS = (
					"$(inherited)",
					"@executable_path/Frameworks",
					"@loader_path/Frameworks",
				);
				PRODUCT_BUNDLE_IDENTIFIER = diaa.collectionviewUITests;
				PRODUCT_NAME = "$(TARGET_NAME)";
				SWIFT_VERSION = 5.0;
				TARGETED_DEVICE_FAMILY = "1,2";
				TEST_TARGET_NAME = collectionview;
			};
			name = Debug;
		};
		69177AD826C1801C0055BD36 /* Release */ = {
			isa = XCBuildConfiguration;
			buildSettings = {
				ALWAYS_EMBED_SWIFT_STANDARD_LIBRARIES = YES;
				CODE_SIGN_STYLE = Automatic;
				INFOPLIST_FILE = collectionviewUITests/Info.plist;
				LD_RUNPATH_SEARCH_PATHS = (
					"$(inherited)",
					"@executable_path/Frameworks",
					"@loader_path/Frameworks",
				);
				PRODUCT_BUNDLE_IDENTIFIER = diaa.collectionviewUITests;
				PRODUCT_NAME = "$(TARGET_NAME)";
				SWIFT_VERSION = 5.0;
				TARGETED_DEVICE_FAMILY = "1,2";
				TEST_TARGET_NAME = collectionview;
			};
			name = Release;
		};
/* End XCBuildConfiguration section */

/* Begin XCConfigurationList section */
		69177AA126C1801B0055BD36 /* Build configuration list for PBXProject "collectionview" */ = {
			isa = XCConfigurationList;
			buildConfigurations = (
				69177ACE26C1801C0055BD36 /* Debug */,
				69177ACF26C1801C0055BD36 /* Release */,
			);
			defaultConfigurationIsVisible = 0;
			defaultConfigurationName = Release;
		};
		69177AD026C1801C0055BD36 /* Build configuration list for PBXNativeTarget "collectionview" */ = {
			isa = XCConfigurationList;
			buildConfigurations = (
				69177AD126C1801C0055BD36 /* Debug */,
				69177AD226C1801C0055BD36 /* Release */,
			);
			defaultConfigurationIsVisible = 0;
			defaultConfigurationName = Release;
		};
		69177AD326C1801C0055BD36 /* Build configuration list for PBXNativeTarget "collectionviewTests" */ = {
			isa = XCConfigurationList;
			buildConfigurations = (
				69177AD426C1801C0055BD36 /* Debug */,
				69177AD526C1801C0055BD36 /* Release */,
			);
			defaultConfigurationIsVisible = 0;
			defaultConfigurationName = Release;
		};
		69177AD626C1801C0055BD36 /* Build configuration list for PBXNativeTarget "collectionviewUITests" */ = {
			isa = XCConfigurationList;
			buildConfigurations = (
				69177AD726C1801C0055BD36 /* Debug */,
				69177AD826C1801C0055BD36 /* Release */,
			);
			defaultConfigurationIsVisible = 0;
			defaultConfigurationName = Release;
		};
/* End XCConfigurationList section */
	};
	rootObject = 69177A9E26C1801B0055BD36 /* Project object */;
}
